{
  "requires": true,
  "lockfileVersion": 1,
  "dependencies": {
    "free-transform": {
      "version": "0.1.6",
      "resolved": "https://registry.npmjs.org/free-transform/-/free-transform-0.1.6.tgz",
      "integrity": "sha512-B+UdqjZXmV5TIAGzb9eqqaLTqst5UifsYfB+LwO3MbfJRFWfbaSfA9XbbvcImbmMtVJi6pWql7oeJn/Euhz8tA==",
      "requires": {
        "transformation-matrix": "^1.14.0"
      }
    },
    "transformation-matrix": {
      "version": "1.15.3",
      "resolved": "https://registry.npmjs.org/transformation-matrix/-/transformation-matrix-1.15.3.tgz",
      "integrity": "sha512-ThJH58GNFKhCw3gIoOtwf3tNwuYjbyEeiGdeq4mNMYWdJctnI896KUqn6PVt7jmNVepqa1bcKQtnMB1HtjsDMA=="
    }
  }
}
